// !$*UTF8*$!
{
	archiveVersion = 1;
	classes = {
	};
	objectVersion = 56;
	objects = {

/* Begin PBXBuildFile section */
		28EBAB5C29D3246200959AA8 /* AppDelegate.swift in Sources */ = {isa = PBXBuildFile; fileRef = 28EBAB5B29D3246200959AA8 /* AppDelegate.swift */; };
		28EBAB5E29D3246200959AA8 /* SceneDelegate.swift in Sources */ = {isa = PBXBuildFile; fileRef = 28EBAB5D29D3246200959AA8 /* SceneDelegate.swift */; };
		28EBAB6029D3246200959AA8 /* MainViewController.swift in Sources */ = {isa = PBXBuildFile; fileRef = 28EBAB5F29D3246200959AA8 /* MainViewController.swift */; };
		28EBAB6529D3246300959AA8 /* Assets.xcassets in Resources */ = {isa = PBXBuildFile; fileRef = 28EBAB6429D3246300959AA8 /* Assets.xcassets */; };
		28EBAB6829D3246300959AA8 /* LaunchScreen.storyboard in Resources */ = {isa = PBXBuildFile; fileRef = 28EBAB6629D3246300959AA8 /* LaunchScreen.storyboard */; };
		28EBAB7729D324F900959AA8 /* lose.mp3 in Resources */ = {isa = PBXBuildFile; fileRef = 28EBAB7129D324F800959AA8 /* lose.mp3 */; };
		28EBAB7829D324F900959AA8 /* winGame.mp3 in Resources */ = {isa = PBXBuildFile; fileRef = 28EBAB7229D324F800959AA8 /* winGame.mp3 */; };
		28EBAB7929D324F900959AA8 /* chosenAnswer.mp3 in Resources */ = {isa = PBXBuildFile; fileRef = 28EBAB7329D324F800959AA8 /* chosenAnswer.mp3 */; };
		28EBAB7A29D324F900959AA8 /* backgroundSound.mp3 in Resources */ = {isa = PBXBuildFile; fileRef = 28EBAB7429D324F900959AA8 /* backgroundSound.mp3 */; };
		28EBAB7B29D324F900959AA8 /* timerForResponse.mp3 in Resources */ = {isa = PBXBuildFile; fileRef = 28EBAB7529D324F900959AA8 /* timerForResponse.mp3 */; };
		28EBAB7C29D324F900959AA8 /* win.mp3 in Resources */ = {isa = PBXBuildFile; fileRef = 28EBAB7629D324F900959AA8 /* win.mp3 */; };
		28EBAB7E29D3328100959AA8 /* RulesViewController.swift in Sources */ = {isa = PBXBuildFile; fileRef = 28EBAB7D29D3328100959AA8 /* RulesViewController.swift */; };
		28EBAB8029D3336400959AA8 /* RulesText.swift in Sources */ = {isa = PBXBuildFile; fileRef = 28EBAB7F29D3336400959AA8 /* RulesText.swift */; };
		28EBAB8229D348EA00959AA8 /* GameViewController.swift in Sources */ = {isa = PBXBuildFile; fileRef = 28EBAB8129D348EA00959AA8 /* GameViewController.swift */; };
		28EBAB8429D3529000959AA8 /* questions.json in Resources */ = {isa = PBXBuildFile; fileRef = 28EBAB8329D3529000959AA8 /* questions.json */; };
		28EBAB8929D3531500959AA8 /* Question.swift in Sources */ = {isa = PBXBuildFile; fileRef = 28EBAB8829D3531500959AA8 /* Question.swift */; };
		28EBAB8B29D357C700959AA8 /* GameManager.swift in Sources */ = {isa = PBXBuildFile; fileRef = 28EBAB8A29D357C600959AA8 /* GameManager.swift */; };
		28EBAB8E29D46FD700959AA8 /* QuestionView.swift in Sources */ = {isa = PBXBuildFile; fileRef = 28EBAB8D29D46FD700959AA8 /* QuestionView.swift */; };
		28EBAB9129D47E0100959AA8 /* AnswerView.swift in Sources */ = {isa = PBXBuildFile; fileRef = 28EBAB9029D47E0100959AA8 /* AnswerView.swift */; };
		28EBAB9429D59BB100959AA8 /* EveryoneHelpHintView.swift in Sources */ = {isa = PBXBuildFile; fileRef = 28EBAB9329D59BB100959AA8 /* EveryoneHelpHintView.swift */; };
		28EBAB9729D5D3B000959AA8 /* GameProgressViewController.swift in Sources */ = {isa = PBXBuildFile; fileRef = 28EBAB9629D5D3B000959AA8 /* GameProgressViewController.swift */; };
		28EBAB9929D5D47B00959AA8 /* ProgressImage.swift in Sources */ = {isa = PBXBuildFile; fileRef = 28EBAB9829D5D47B00959AA8 /* ProgressImage.swift */; };
		28EBAB9C29D5EF0600959AA8 /* CongratulationViewController.swift in Sources */ = {isa = PBXBuildFile; fileRef = 28EBAB9B29D5EF0600959AA8 /* CongratulationViewController.swift */; };
/* End PBXBuildFile section */

/* Begin PBXFileReference section */
		28EBAB5829D3246200959AA8 /* BecomeMillionaire.app */ = {isa = PBXFileReference; explicitFileType = wrapper.application; includeInIndex = 0; path = BecomeMillionaire.app; sourceTree = BUILT_PRODUCTS_DIR; };
		28EBAB5B29D3246200959AA8 /* AppDelegate.swift */ = {isa = PBXFileReference; lastKnownFileType = sourcecode.swift; path = AppDelegate.swift; sourceTree = "<group>"; };
		28EBAB5D29D3246200959AA8 /* SceneDelegate.swift */ = {isa = PBXFileReference; lastKnownFileType = sourcecode.swift; path = SceneDelegate.swift; sourceTree = "<group>"; };
		28EBAB5F29D3246200959AA8 /* MainViewController.swift */ = {isa = PBXFileReference; lastKnownFileType = sourcecode.swift; path = MainViewController.swift; sourceTree = "<group>"; };
		28EBAB6429D3246300959AA8 /* Assets.xcassets */ = {isa = PBXFileReference; lastKnownFileType = folder.assetcatalog; path = Assets.xcassets; sourceTree = "<group>"; };
		28EBAB6729D3246300959AA8 /* Base */ = {isa = PBXFileReference; lastKnownFileType = file.storyboard; name = Base; path = Base.lproj/LaunchScreen.storyboard; sourceTree = "<group>"; };
		28EBAB6929D3246300959AA8 /* Info.plist */ = {isa = PBXFileReference; lastKnownFileType = text.plist.xml; path = Info.plist; sourceTree = "<group>"; };
		28EBAB7129D324F800959AA8 /* lose.mp3 */ = {isa = PBXFileReference; lastKnownFileType = audio.mp3; path = lose.mp3; sourceTree = "<group>"; };
		28EBAB7229D324F800959AA8 /* winGame.mp3 */ = {isa = PBXFileReference; lastKnownFileType = audio.mp3; path = winGame.mp3; sourceTree = "<group>"; };
		28EBAB7329D324F800959AA8 /* chosenAnswer.mp3 */ = {isa = PBXFileReference; lastKnownFileType = audio.mp3; path = chosenAnswer.mp3; sourceTree = "<group>"; };
		28EBAB7429D324F900959AA8 /* backgroundSound.mp3 */ = {isa = PBXFileReference; lastKnownFileType = audio.mp3; path = backgroundSound.mp3; sourceTree = "<group>"; };
		28EBAB7529D324F900959AA8 /* timerForResponse.mp3 */ = {isa = PBXFileReference; lastKnownFileType = audio.mp3; path = timerForResponse.mp3; sourceTree = "<group>"; };
		28EBAB7629D324F900959AA8 /* win.mp3 */ = {isa = PBXFileReference; lastKnownFileType = audio.mp3; path = win.mp3; sourceTree = "<group>"; };
		28EBAB7D29D3328100959AA8 /* RulesViewController.swift */ = {isa = PBXFileReference; lastKnownFileType = sourcecode.swift; path = RulesViewController.swift; sourceTree = "<group>"; };
		28EBAB7F29D3336400959AA8 /* RulesText.swift */ = {isa = PBXFileReference; lastKnownFileType = sourcecode.swift; path = RulesText.swift; sourceTree = "<group>"; };
		28EBAB8129D348EA00959AA8 /* GameViewController.swift */ = {isa = PBXFileReference; lastKnownFileType = sourcecode.swift; path = GameViewController.swift; sourceTree = "<group>"; };
		28EBAB8329D3529000959AA8 /* questions.json */ = {isa = PBXFileReference; fileEncoding = 4; lastKnownFileType = text.json; path = questions.json; sourceTree = "<group>"; };
		28EBAB8829D3531500959AA8 /* Question.swift */ = {isa = PBXFileReference; lastKnownFileType = sourcecode.swift; path = Question.swift; sourceTree = "<group>"; };
		28EBAB8A29D357C600959AA8 /* GameManager.swift */ = {isa = PBXFileReference; lastKnownFileType = sourcecode.swift; path = GameManager.swift; sourceTree = "<group>"; };
		28EBAB8D29D46FD700959AA8 /* QuestionView.swift */ = {isa = PBXFileReference; lastKnownFileType = sourcecode.swift; path = QuestionView.swift; sourceTree = "<group>"; };
		28EBAB9029D47E0100959AA8 /* AnswerView.swift */ = {isa = PBXFileReference; lastKnownFileType = sourcecode.swift; path = AnswerView.swift; sourceTree = "<group>"; };
		28EBAB9329D59BB100959AA8 /* EveryoneHelpHintView.swift */ = {isa = PBXFileReference; lastKnownFileType = sourcecode.swift; path = EveryoneHelpHintView.swift; sourceTree = "<group>"; };
		28EBAB9629D5D3B000959AA8 /* GameProgressViewController.swift */ = {isa = PBXFileReference; lastKnownFileType = sourcecode.swift; path = GameProgressViewController.swift; sourceTree = "<group>"; };
		28EBAB9829D5D47B00959AA8 /* ProgressImage.swift */ = {isa = PBXFileReference; lastKnownFileType = sourcecode.swift; path = ProgressImage.swift; sourceTree = "<group>"; };
		28EBAB9B29D5EF0600959AA8 /* CongratulationViewController.swift */ = {isa = PBXFileReference; lastKnownFileType = sourcecode.swift; path = CongratulationViewController.swift; sourceTree = "<group>"; };
/* End PBXFileReference section */

/* Begin PBXFrameworksBuildPhase section */
		28EBAB5529D3246200959AA8 /* Frameworks */ = {
			isa = PBXFrameworksBuildPhase;
			buildActionMask = 2147483647;
			files = (
			);
			runOnlyForDeploymentPostprocessing = 0;
		};
/* End PBXFrameworksBuildPhase section */

/* Begin PBXGroup section */
		28EBAB4F29D3246200959AA8 = {
			isa = PBXGroup;
			children = (
				28EBAB5A29D3246200959AA8 /* BecomeMillionaire */,
				28EBAB5929D3246200959AA8 /* Products */,
			);
			sourceTree = "<group>";
		};
		28EBAB5929D3246200959AA8 /* Products */ = {
			isa = PBXGroup;
			children = (
				28EBAB5829D3246200959AA8 /* BecomeMillionaire.app */,
			);
			name = Products;
			sourceTree = "<group>";
		};
		28EBAB5A29D3246200959AA8 /* BecomeMillionaire */ = {
			isa = PBXGroup;
			children = (
				28EBAB8629D352D200959AA8 /* App */,
				28EBAB8729D352EE00959AA8 /* Model */,
				28EBAB8529D352B000959AA8 /* Controllers */,
				28EBAB6429D3246300959AA8 /* Assets.xcassets */,
				28EBAB6629D3246300959AA8 /* LaunchScreen.storyboard */,
				28EBAB6F29D324C200959AA8 /* Resourses */,
				28EBAB6929D3246300959AA8 /* Info.plist */,
			);
			path = BecomeMillionaire;
			sourceTree = "<group>";
		};
		28EBAB6F29D324C200959AA8 /* Resourses */ = {
			isa = PBXGroup;
			children = (
				28EBAB8329D3529000959AA8 /* questions.json */,
				28EBAB7029D324E000959AA8 /* Sounds */,
			);
			path = Resourses;
			sourceTree = "<group>";
		};
		28EBAB7029D324E000959AA8 /* Sounds */ = {
			isa = PBXGroup;
			children = (
				28EBAB7429D324F900959AA8 /* backgroundSound.mp3 */,
				28EBAB7329D324F800959AA8 /* chosenAnswer.mp3 */,
				28EBAB7129D324F800959AA8 /* lose.mp3 */,
				28EBAB7529D324F900959AA8 /* timerForResponse.mp3 */,
				28EBAB7629D324F900959AA8 /* win.mp3 */,
				28EBAB7229D324F800959AA8 /* winGame.mp3 */,
			);
			path = Sounds;
			sourceTree = "<group>";
		};
		28EBAB8529D352B000959AA8 /* Controllers */ = {
			isa = PBXGroup;
			children = (
				28EBAB9229D4801300959AA8 /* MainViewController */,
				28EBAB8C29D46F8600959AA8 /* GameViewController */,
				28EBAB9529D5D38800959AA8 /* GameProgressViewController */,
				28EBAB9A29D5EEDB00959AA8 /* CongratulationViewController */,
				28EBAB8F29D4704900959AA8 /* RulesViewController */,
			);
			path = Controllers;
			sourceTree = "<group>";
		};
		28EBAB8629D352D200959AA8 /* App */ = {
			isa = PBXGroup;
			children = (
				28EBAB5B29D3246200959AA8 /* AppDelegate.swift */,
				28EBAB5D29D3246200959AA8 /* SceneDelegate.swift */,
			);
			path = App;
			sourceTree = "<group>";
		};
		28EBAB8729D352EE00959AA8 /* Model */ = {
			isa = PBXGroup;
			children = (
				28EBAB8829D3531500959AA8 /* Question.swift */,
				28EBAB8A29D357C600959AA8 /* GameManager.swift */,
			);
			path = Model;
			sourceTree = "<group>";
		};
		28EBAB8C29D46F8600959AA8 /* GameViewController */ = {
			isa = PBXGroup;
			children = (
				28EBAB8129D348EA00959AA8 /* GameViewController.swift */,
				28EBAB8D29D46FD700959AA8 /* QuestionView.swift */,
				28EBAB9029D47E0100959AA8 /* AnswerView.swift */,
				28EBAB9329D59BB100959AA8 /* EveryoneHelpHintView.swift */,
			);
			path = GameViewController;
			sourceTree = "<group>";
		};
		28EBAB8F29D4704900959AA8 /* RulesViewController */ = {
			isa = PBXGroup;
			children = (
				28EBAB7D29D3328100959AA8 /* RulesViewController.swift */,
				28EBAB7F29D3336400959AA8 /* RulesText.swift */,
			);
			path = RulesViewController;
			sourceTree = "<group>";
		};
		28EBAB9229D4801300959AA8 /* MainViewController */ = {
			isa = PBXGroup;
			children = (
				28EBAB5F29D3246200959AA8 /* MainViewController.swift */,
			);
			path = MainViewController;
			sourceTree = "<group>";
		};
		28EBAB9529D5D38800959AA8 /* GameProgressViewController */ = {
			isa = PBXGroup;
			children = (
				28EBAB9629D5D3B000959AA8 /* GameProgressViewController.swift */,
				28EBAB9829D5D47B00959AA8 /* ProgressImage.swift */,
			);
			path = GameProgressViewController;
			sourceTree = "<group>";
		};
		28EBAB9A29D5EEDB00959AA8 /* CongratulationViewController */ = {
			isa = PBXGroup;
			children = (
				28EBAB9B29D5EF0600959AA8 /* CongratulationViewController.swift */,
			);
			path = CongratulationViewController;
			sourceTree = "<group>";
		};
/* End PBXGroup section */

/* Begin PBXNativeTarget section */
		28EBAB5729D3246200959AA8 /* BecomeMillionaire */ = {
			isa = PBXNativeTarget;
			buildConfigurationList = 28EBAB6C29D3246300959AA8 /* Build configuration list for PBXNativeTarget "BecomeMillionaire" */;
			buildPhases = (
				28EBAB5429D3246200959AA8 /* Sources */,
				28EBAB5529D3246200959AA8 /* Frameworks */,
				28EBAB5629D3246200959AA8 /* Resources */,
			);
			buildRules = (
			);
			dependencies = (
			);
			name = BecomeMillionaire;
			productName = BecomeMillionaire;
			productReference = 28EBAB5829D3246200959AA8 /* BecomeMillionaire.app */;
			productType = "com.apple.product-type.application";
		};
/* End PBXNativeTarget section */

/* Begin PBXProject section */
		28EBAB5029D3246200959AA8 /* Project object */ = {
			isa = PBXProject;
			attributes = {
				BuildIndependentTargetsInParallel = 1;
				LastSwiftUpdateCheck = 1410;
				LastUpgradeCheck = 1410;
				TargetAttributes = {
					28EBAB5729D3246200959AA8 = {
						CreatedOnToolsVersion = 14.1;
					};
				};
			};
			buildConfigurationList = 28EBAB5329D3246200959AA8 /* Build configuration list for PBXProject "BecomeMillionaire" */;
			compatibilityVersion = "Xcode 14.0";
			developmentRegion = en;
			hasScannedForEncodings = 0;
			knownRegions = (
				en,
				Base,
			);
			mainGroup = 28EBAB4F29D3246200959AA8;
			productRefGroup = 28EBAB5929D3246200959AA8 /* Products */;
			projectDirPath = "";
			projectRoot = "";
			targets = (
				28EBAB5729D3246200959AA8 /* BecomeMillionaire */,
			);
		};
/* End PBXProject section */

/* Begin PBXResourcesBuildPhase section */
		28EBAB5629D3246200959AA8 /* Resources */ = {
			isa = PBXResourcesBuildPhase;
			buildActionMask = 2147483647;
			files = (
				28EBAB7C29D324F900959AA8 /* win.mp3 in Resources */,
				28EBAB7A29D324F900959AA8 /* backgroundSound.mp3 in Resources */,
				28EBAB7B29D324F900959AA8 /* timerForResponse.mp3 in Resources */,
				28EBAB8429D3529000959AA8 /* questions.json in Resources */,
				28EBAB7829D324F900959AA8 /* winGame.mp3 in Resources */,
				28EBAB6829D3246300959AA8 /* LaunchScreen.storyboard in Resources */,
				28EBAB7929D324F900959AA8 /* chosenAnswer.mp3 in Resources */,
				28EBAB7729D324F900959AA8 /* lose.mp3 in Resources */,
				28EBAB6529D3246300959AA8 /* Assets.xcassets in Resources */,
			);
			runOnlyForDeploymentPostprocessing = 0;
		};
/* End PBXResourcesBuildPhase section */

/* Begin PBXSourcesBuildPhase section */
		28EBAB5429D3246200959AA8 /* Sources */ = {
			isa = PBXSourcesBuildPhase;
			buildActionMask = 2147483647;
			files = (
				28EBAB9C29D5EF0600959AA8 /* CongratulationViewController.swift in Sources */,
				28EBAB6029D3246200959AA8 /* MainViewController.swift in Sources */,
				28EBAB8B29D357C700959AA8 /* GameManager.swift in Sources */,
				28EBAB9129D47E0100959AA8 /* AnswerView.swift in Sources */,
				28EBAB8029D3336400959AA8 /* RulesText.swift in Sources */,
				28EBAB9429D59BB100959AA8 /* EveryoneHelpHintView.swift in Sources */,
				28EBAB5C29D3246200959AA8 /* AppDelegate.swift in Sources */,
				28EBAB7E29D3328100959AA8 /* RulesViewController.swift in Sources */,
				28EBAB9929D5D47B00959AA8 /* ProgressImage.swift in Sources */,
				28EBAB8229D348EA00959AA8 /* GameViewController.swift in Sources */,
				28EBAB8929D3531500959AA8 /* Question.swift in Sources */,
				28EBAB8E29D46FD700959AA8 /* QuestionView.swift in Sources */,
				28EBAB9729D5D3B000959AA8 /* GameProgressViewController.swift in Sources */,
				28EBAB5E29D3246200959AA8 /* SceneDelegate.swift in Sources */,
			);
			runOnlyForDeploymentPostprocessing = 0;
		};
/* End PBXSourcesBuildPhase section */

/* Begin PBXVariantGroup section */
		28EBAB6629D3246300959AA8 /* LaunchScreen.storyboard */ = {
			isa = PBXVariantGroup;
			children = (
				28EBAB6729D3246300959AA8 /* Base */,
			);
			name = LaunchScreen.storyboard;
			sourceTree = "<group>";
		};
/* End PBXVariantGroup section */

/* Begin XCBuildConfiguration section */
		28EBAB6A29D3246300959AA8 /* Debug */ = {
			isa = XCBuildConfiguration;
			buildSettings = {
				ALWAYS_SEARCH_USER_PATHS = NO;
				CLANG_ANALYZER_NONNULL = YES;
				CLANG_ANALYZER_NUMBER_OBJECT_CONVERSION = YES_AGGRESSIVE;
				CLANG_CXX_LANGUAGE_STANDARD = "gnu++20";
				CLANG_ENABLE_MODULES = YES;
				CLANG_ENABLE_OBJC_ARC = YES;
				CLANG_ENABLE_OBJC_WEAK = YES;
				CLANG_WARN_BLOCK_CAPTURE_AUTORELEASING = YES;
				CLANG_WARN_BOOL_CONVERSION = YES;
				CLANG_WARN_COMMA = YES;
				CLANG_WARN_CONSTANT_CONVERSION = YES;
				CLANG_WARN_DEPRECATED_OBJC_IMPLEMENTATIONS = YES;
				CLANG_WARN_DIRECT_OBJC_ISA_USAGE = YES_ERROR;
				CLANG_WARN_DOCUMENTATION_COMMENTS = YES;
				CLANG_WARN_EMPTY_BODY = YES;
				CLANG_WARN_ENUM_CONVERSION = YES;
				CLANG_WARN_INFINITE_RECURSION = YES;
				CLANG_WARN_INT_CONVERSION = YES;
				CLANG_WARN_NON_LITERAL_NULL_CONVERSION = YES;
				CLANG_WARN_OBJC_IMPLICIT_RETAIN_SELF = YES;
				CLANG_WARN_OBJC_LITERAL_CONVERSION = YES;
				CLANG_WARN_OBJC_ROOT_CLASS = YES_ERROR;
				CLANG_WARN_QUOTED_INCLUDE_IN_FRAMEWORK_HEADER = YES;
				CLANG_WARN_RANGE_LOOP_ANALYSIS = YES;
				CLANG_WARN_STRICT_PROTOTYPES = YES;
				CLANG_WARN_SUSPICIOUS_MOVE = YES;
				CLANG_WARN_UNGUARDED_AVAILABILITY = YES_AGGRESSIVE;
				CLANG_WARN_UNREACHABLE_CODE = YES;
				CLANG_WARN__DUPLICATE_METHOD_MATCH = YES;
				COPY_PHASE_STRIP = NO;
				DEBUG_INFORMATION_FORMAT = dwarf;
				ENABLE_STRICT_OBJC_MSGSEND = YES;
				ENABLE_TESTABILITY = YES;
				GCC_C_LANGUAGE_STANDARD = gnu11;
				GCC_DYNAMIC_NO_PIC = NO;
				GCC_NO_COMMON_BLOCKS = YES;
				GCC_OPTIMIZATION_LEVEL = 0;
				GCC_PREPROCESSOR_DEFINITIONS = (
					"DEBUG=1",
					"$(inherited)",
				);
				GCC_WARN_64_TO_32_BIT_CONVERSION = YES;
				GCC_WARN_ABOUT_RETURN_TYPE = YES_ERROR;
				GCC_WARN_UNDECLARED_SELECTOR = YES;
				GCC_WARN_UNINITIALIZED_AUTOS = YES_AGGRESSIVE;
				GCC_WARN_UNUSED_FUNCTION = YES;
				GCC_WARN_UNUSED_VARIABLE = YES;
				IPHONEOS_DEPLOYMENT_TARGET = 16.1;
				MTL_ENABLE_DEBUG_INFO = INCLUDE_SOURCE;
				MTL_FAST_MATH = YES;
				ONLY_ACTIVE_ARCH = YES;
				SDKROOT = iphoneos;
				SWIFT_ACTIVE_COMPILATION_CONDITIONS = DEBUG;
				SWIFT_OPTIMIZATION_LEVEL = "-Onone";
			};
			name = Debug;
		};
		28EBAB6B29D3246300959AA8 /* Release */ = {
			isa = XCBuildConfiguration;
			buildSettings = {
				ALWAYS_SEARCH_USER_PATHS = NO;
				CLANG_ANALYZER_NONNULL = YES;
				CLANG_ANALYZER_NUMBER_OBJECT_CONVERSION = YES_AGGRESSIVE;
				CLANG_CXX_LANGUAGE_STANDARD = "gnu++20";
				CLANG_ENABLE_MODULES = YES;
				CLANG_ENABLE_OBJC_ARC = YES;
				CLANG_ENABLE_OBJC_WEAK = YES;
				CLANG_WARN_BLOCK_CAPTURE_AUTORELEASING = YES;
				CLANG_WARN_BOOL_CONVERSION = YES;
				CLANG_WARN_COMMA = YES;
				CLANG_WARN_CONSTANT_CONVERSION = YES;
				CLANG_WARN_DEPRECATED_OBJC_IMPLEMENTATIONS = YES;
				CLANG_WARN_DIRECT_OBJC_ISA_USAGE = YES_ERROR;
				CLANG_WARN_DOCUMENTATION_COMMENTS = YES;
				CLANG_WARN_EMPTY_BODY = YES;
				CLANG_WARN_ENUM_CONVERSION = YES;
				CLANG_WARN_INFINITE_RECURSION = YES;
				CLANG_WARN_INT_CONVERSION = YES;
				CLANG_WARN_NON_LITERAL_NULL_CONVERSION = YES;
				CLANG_WARN_OBJC_IMPLICIT_RETAIN_SELF = YES;
				CLANG_WARN_OBJC_LITERAL_CONVERSION = YES;
				CLANG_WARN_OBJC_ROOT_CLASS = YES_ERROR;
				CLANG_WARN_QUOTED_INCLUDE_IN_FRAMEWORK_HEADER = YES;
				CLANG_WARN_RANGE_LOOP_ANALYSIS = YES;
				CLANG_WARN_STRICT_PROTOTYPES = YES;
				CLANG_WARN_SUSPICIOUS_MOVE = YES;
				CLANG_WARN_UNGUARDED_AVAILABILITY = YES_AGGRESSIVE;
				CLANG_WARN_UNREACHABLE_CODE = YES;
				CLANG_WARN__DUPLICATE_METHOD_MATCH = YES;
				COPY_PHASE_STRIP = NO;
				DEBUG_INFORMATION_FORMAT = "dwarf-with-dsym";
				ENABLE_NS_ASSERTIONS = NO;
				ENABLE_STRICT_OBJC_MSGSEND = YES;
				GCC_C_LANGUAGE_STANDARD = gnu11;
				GCC_NO_COMMON_BLOCKS = YES;
				GCC_WARN_64_TO_32_BIT_CONVERSION = YES;
				GCC_WARN_ABOUT_RETURN_TYPE = YES_ERROR;
				GCC_WARN_UNDECLARED_SELECTOR = YES;
				GCC_WARN_UNINITIALIZED_AUTOS = YES_AGGRESSIVE;
				GCC_WARN_UNUSED_FUNCTION = YES;
				GCC_WARN_UNUSED_VARIABLE = YES;
				IPHONEOS_DEPLOYMENT_TARGET = 16.1;
				MTL_ENABLE_DEBUG_INFO = NO;
				MTL_FAST_MATH = YES;
				SDKROOT = iphoneos;
				SWIFT_COMPILATION_MODE = wholemodule;
				SWIFT_OPTIMIZATION_LEVEL = "-O";
				VALIDATE_PRODUCT = YES;
			};
			name = Release;
		};
		28EBAB6D29D3246300959AA8 /* Debug */ = {
			isa = XCBuildConfiguration;
			buildSettings = {
				ASSETCATALOG_COMPILER_APPICON_NAME = AppIcon;
				ASSETCATALOG_COMPILER_GLOBAL_ACCENT_COLOR_NAME = AccentColor;
				CODE_SIGN_STYLE = Automatic;
				CURRENT_PROJECT_VERSION = 1;
				DEVELOPMENT_TEAM = U824AND8KD;
				GENERATE_INFOPLIST_FILE = YES;
				INFOPLIST_FILE = BecomeMillionaire/Info.plist;
				INFOPLIST_KEY_UIApplicationSupportsIndirectInputEvents = YES;
				INFOPLIST_KEY_UILaunchStoryboardName = LaunchScreen;
				INFOPLIST_KEY_UISupportedInterfaceOrientations = UIInterfaceOrientationPortrait;
				INFOPLIST_KEY_UISupportedInterfaceOrientations_iPad = "UIInterfaceOrientationLandscapeLeft UIInterfaceOrientationLandscapeRight UIInterfaceOrientationPortrait UIInterfaceOrientationPortraitUpsideDown";
				IPHONEOS_DEPLOYMENT_TARGET = 13;
				LD_RUNPATH_SEARCH_PATHS = (
					"$(inherited)",
					"@executable_path/Frameworks",
				);
				MARKETING_VERSION = 1.0;
				PRODUCT_BUNDLE_IDENTIFIER = Saf.BecomeMillionaire;
				PRODUCT_NAME = "$(TARGET_NAME)";
				SUPPORTED_PLATFORMS = "iphoneos iphonesimulator";
				SUPPORTS_MACCATALYST = NO;
				SUPPORTS_MAC_DESIGNED_FOR_IPHONE_IPAD = NO;
				SWIFT_EMIT_LOC_STRINGS = YES;
				SWIFT_VERSION = 5.0;
				TARGETED_DEVICE_FAMILY = 1;
			};
			name = Debug;
		};
		28EBAB6E29D3246300959AA8 /* Release */ = {
			isa = XCBuildConfiguration;
			buildSettings = {
				ASSETCATALOG_COMPILER_APPICON_NAME = AppIcon;
				ASSETCATALOG_COMPILER_GLOBAL_ACCENT_COLOR_NAME = AccentColor;
				CODE_SIGN_STYLE = Automatic;
				CURRENT_PROJECT_VERSION = 1;
				DEVELOPMENT_TEAM = U824AND8KD;
				GENERATE_INFOPLIST_FILE = YES;
				INFOPLIST_FILE = BecomeMillionaire/Info.plist;
				INFOPLIST_KEY_UIApplicationSupportsIndirectInputEvents = YES;
				INFOPLIST_KEY_UILaunchStoryboardName = LaunchScreen;
				INFOPLIST_KEY_UISupportedInterfaceOrientations = UIInterfaceOrientationPortrait;
				INFOPLIST_KEY_UISupportedInterfaceOrientations_iPad = "UIInterfaceOrientationLandscapeLeft UIInterfaceOrientationLandscapeRight UIInterfaceOrientationPortrait UIInterfaceOrientationPortraitUpsideDown";
				IPHONEOS_DEPLOYMENT_TARGET = 13;
				LD_RUNPATH_SEARCH_PATHS = (
					"$(inherited)",
					"@executable_path/Frameworks",
				);
				MARKETING_VERSION = 1.0;
				PRODUCT_BUNDLE_IDENTIFIER = Saf.BecomeMillionaire;
				PRODUCT_NAME = "$(TARGET_NAME)";
				SUPPORTED_PLATFORMS = "iphoneos iphonesimulator";
				SUPPORTS_MACCATALYST = NO;
				SUPPORTS_MAC_DESIGNED_FOR_IPHONE_IPAD = NO;
				SWIFT_EMIT_LOC_STRINGS = YES;
				SWIFT_VERSION = 5.0;
				TARGETED_DEVICE_FAMILY = 1;
			};
			name = Release;
		};
/* End XCBuildConfiguration section */

/* Begin XCConfigurationList section */
		28EBAB5329D3246200959AA8 /* Build configuration list for PBXProject "BecomeMillionaire" */ = {
			isa = XCConfigurationList;
			buildConfigurations = (
				28EBAB6A29D3246300959AA8 /* Debug */,
				28EBAB6B29D3246300959AA8 /* Release */,
			);
			defaultConfigurationIsVisible = 0;
			defaultConfigurationName = Release;
		};
		28EBAB6C29D3246300959AA8 /* Build configuration list for PBXNativeTarget "BecomeMillionaire" */ = {
			isa = XCConfigurationList;
			buildConfigurations = (
				28EBAB6D29D3246300959AA8 /* Debug */,
				28EBAB6E29D3246300959AA8 /* Release */,
			);
			defaultConfigurationIsVisible = 0;
			defaultConfigurationName = Release;
		};
/* End XCConfigurationList section */
	};
	rootObject = 28EBAB5029D3246200959AA8 /* Project object */;
}
